{
    "_readme": [
        "This file locks the dependencies of your project to a known state",
        "Read more about it at https://getcomposer.org/doc/01-basic-usage.md#composer-lock-the-lock-file",
        "This file is @generated automatically"
    ],
    "content-hash": "7eb86b67306c3bce9b81d1c62aa0fa3d",
    "packages": [
        {
            "name": "davmixcool/php-sentiment-analyzer",
            "version": "1.2.2",
            "source": {
                "type": "git",
                "url": "https://github.com/davmixcool/php-sentiment-analyzer.git",
                "reference": "d7503b68313c62eee3ed0ac9774c0a84d818a405"
            },
            "dist": {
                "type": "zip",
                "url": "https://api.github.com/repos/davmixcool/php-sentiment-analyzer/zipball/d7503b68313c62eee3ed0ac9774c0a84d818a405",
                "reference": "d7503b68313c62eee3ed0ac9774c0a84d818a405",
                "shasum": ""
            },
            "require": {
                "php": ">=5.5.9"
            },
            "type": "library",
            "autoload": {
                "psr-4": {
                    "Sentiment\\": "src/"
                }
            },
            "notification-url": "https://packagist.org/downloads/",
            "license": [
                "MIT"
            ],
            "authors": [
                {
                    "name": "David Oti",
                    "email": "davmixcool@gmail.com",
                    "role": "Software Developer"
                }
            ],
            "description": "PHP Sentiment Analyzer is a lexicon and rule-based sentiment analysis tool that is used to understand sentiments in a sentence using VADER (Valence Aware Dictionary and sentiment Reasoner).",
            "homepage": "https://github.com/davmixcool/php-sentiment-analyzer",
            "keywords": [
                "Deep learning",
                "Sentiment Analyzer",
                "ai",
                "machine learning",
                "nlp",
                "php",
                "social"
            ],
            "time": "2020-09-17T13:50:06+00:00"
        },
        {
            "name": "pear/text_languagedetect",
            "version": "v1.0.1",
            "source": {
                "type": "git",
                "url": "https://github.com/pear/Text_LanguageDetect.git",
                "reference": "9e253f26cef9a9066f53f200cc3e0684018cb5b5"
            },
            "dist": {
                "type": "zip",
                "url": "https://api.github.com/repos/pear/Text_LanguageDetect/zipball/9e253f26cef9a9066f53f200cc3e0684018cb5b5",
                "reference": "9e253f26cef9a9066f53f200cc3e0684018cb5b5",
                "shasum": ""
            },
            "require-dev": {
                "phpunit/phpunit": "8.*|9.*"
            },
            "suggest": {
                "ext-mbstring": "May require the mbstring PHP extension"
            },
            "type": "library",
            "autoload": {
                "psr-0": {
                    "Text": "./"
                }
            },
            "notification-url": "https://packagist.org/downloads/",
            "include-path": [
                "./"
            ],
            "license": [
                "BSD-2-Clause"
            ],
            "authors": [
                {
                    "name": "Nicholas Pisarro",
                    "email": "taak@php.net",
                    "role": "Lead"
                }
            ],
            "description": "Identify human languages from text samples",
            "homepage": "http://pear.php.net/package/Text_LanguageDetect",
            "time": "2020-05-17T12:19:40+00:00"
        }
    ],
    "packages-dev": [],
    "aliases": [],
    "minimum-stability": "stable",
    "stability-flags": [],
    "prefer-stable": false,
    "prefer-lowest": false,
    "platform": [],
    "platform-dev": []
}
